
Microsoft Visual Studio Solution File, Format Version 12.00
# Visual Studio Version 17
VisualStudioVersion = 17.6.33815.320
MinimumVisualStudioVersion = 10.0.40219.1
Project("{FAE04EC0-301F-11D3-BF4B-00C04F79EFBC}") = "Felv-teli", "Felv-teli\Felv-teli.csproj", "{6997434B-6B6C-4570-BB7B-5BA66F4B5C13}"
EndProject
Global
	GlobalSection(SolutionConfigurationPlatforms) = preSolution
		Debug|Any CPU = Debug|Any CPU
		Release|Any CPU = Release|Any CPU
	EndGlobalSection
	GlobalSection(ProjectConfigurationPlatforms) = postSolution
		{6997434B-6B6C-4570-BB7B-5BA66F4B5C13}.Debug|Any CPU.ActiveCfg = Debug|Any CPU
		{6997434B-6B6C-4570-BB7B-5BA66F4B5C13}.Debug|Any CPU.Build.0 = Debug|Any CPU
		{6997434B-6B6C-4570-BB7B-5BA66F4B5C13}.Release|Any CPU.ActiveCfg = Release|Any CPU
		{6997434B-6B6C-4570-BB7B-5BA66F4B5C13}.Release|Any CPU.Build.0 = Release|Any CPU
	EndGlobalSection
	GlobalSection(SolutionProperties) = preSolution
		HideSolutionNode = FALSE
	EndGlobalSection
	GlobalSection(ExtensibilityGlobals) = postSolution
		SolutionGuid = {641CE802-FBAF-4A04-896E-C0B3E18CB449}
	EndGlobalSection
EndGlobal
